github.com/BurntSushi/toml v1.5.0 h1:W5quZX/G/csjUnuI8SUYlsHs9M38FC7znL0lIO+DvMg=
github.com/BurntSushi/toml v1.5.0/go.mod h1:ukJfTF/6rtPPRCnwkur4qwRxa8vTRFBF0uk2lLoLwho=
github.com/coder/websocket v1.8.14 h1:9L0p0iKiNOibykf283eHkKUHHrpG7f65OE3BhhO7v9g=
github.com/coder/websocket v1.8.14/go.mod h1:NX3SzP+inril6yawo5CQXx8+fk145lPDC6pumgx0mVg=
github.com/felixge/httpsnoop v1.0.4 h1:NFTV2Zj1bL4mc9sqWACXbQFVBBg2W3GPvqp8/ESS2Wg=
github.com/felixge/httpsnoop v1.0.4/go.mod h1:m8KPJKqk1gH5J9DgRY2ASl2lWCfGKXixSwevea8zH2U=
github.com/frankban/quicktest v1.14.6 h1:7Xjx+VpznH+oBnejlPUj8oUpdxnVs4f8XU8WnHkI4W8=
github.com/frankban/quicktest v1.14.6/go.mod h1:4ptaffx2x8+WTWXmUCuVU6aPUX1/Mz7zb5vbUoiM6w0=
github.com/goccy/go-yaml v1.18.0 h1:8W7wMFS12Pcas7KU+VVkaiCng+kG8QiFeFwzFb+rwuw=
github.com/goccy/go-yaml v1.18.0/go.mod h1:XBurs7gK8ATbW4ZPGKgcbrY1Br56PdM69F7LkFRi1kA=
github.com/google/go-cmp v0.6.0 h1:ofyhxvXcZhMsU5ulbFiLKl/XBFqE1GSq7atu8tAmTRI=
github.com/google/go-cmp v0.6.0/go.mod h1:17dUlkBOakJ0+DkrSSNjCkIjxS6bF9zb3elmeNGIjoY=
github.com/google/uuid v1.6.0 h1:NIvaJDMOsjHA8n1jAhLSgzrAzy1Hgr+hNrb57e+94F0=
github.com/google/uuid v1.6.0/go.mod h1:TIyPZe4MgqvfeYDBFedMoGGpEw/LqOeaOT+nhxU+yHo=
github.com/hashicorp/go-envparse v0.1.0 h1:bE++6bhIsNCPLvgDZkYqo3nA+/PFI51pkrHdmPSDFPY=
github.com/hashicorp/go-envparse v0.1.0/go.mod h1:OHheN1GoygLlAkTlXLXvAdnXdZxy8JUweQ1rAXx1xnc=
github.com/kr/pretty v0.3.1 h1:flRD4NNwYAUpkphVc1HcthR4KEIFJ65n8Mw5qdRn3LE=
github.com/kr/pretty v0.3.1/go.mod h1:hoEshYVHaxMs3cyo3Yncou5ZscifuDolrwPKZanG3xk=
github.com/kr/text v0.2.0 h1:5Nx0Ya0ZqY2ygV366QzturHI13Jq95ApcVaJBhpS+AY=
github.com/kr/text v0.2.0/go.mod h1:eLer722TekiGuMkidMxC/pM04lWEeraHUUmBw8l2grE=
github.com/lmittmann/tint v1.1.2 h1:2CQzrL6rslrsyjqLDwD11bZ5OpLBPU+g3G/r5LSfS8w=
github.com/lmittmann/tint v1.1.2/go.mod h1:HIS3gSy7qNwGCj+5oRjAutErFBl4BzdQP6cJZ0NfMwE=
github.com/mattn/go-isatty v0.0.20 h1:xfD0iDuEKnDkl03q4limB+vH+GxLEtL/jb4xVJSWWEY=
github.com/mattn/go-isatty v0.0.20/go.mod h1:W+V8PltTTMOvKvAeJH7IuucS94S2C6jfK/D7dTCTo3Y=
github.com/oklog/ulid/v2 v2.1.1 h1:suPZ4ARWLOJLegGFiZZ1dFAkqzhMjL3J1TzI+5wHz8s=
github.com/oklog/ulid/v2 v2.1.1/go.mod h1:rcEKHmBBKfef9DhnvX7y1HZBYxjXb0cP5ExxNsTT1QQ=
github.com/pborman/getopt v0.0.0-20170112200414-7148bc3a4c30/go.mod h1:85jBQOZwpVEaDAr341tbn15RS4fCAsIst0qp7i8ex1o=
github.com/rakunlabs/ada v0.4.4 h1:di0s4FY8yjbhQHwgp6/pjVkJ7yz1TZWtiadpkIMQTfI=
github.com/rakunlabs/ada v0.4.4/go.mod h1:ydvdDjaJd7d7W+JDW0n3cU2vRSlYRwdOIj0g1ZXLYn0=
github.com/rakunlabs/ada/middleware/log v0.4.4 h1:nlFWjnNH2ozGo5srI5gDBMfXhK1ffntx0HCucRIlsbM=
github.com/rakunlabs/ada/middleware/log v0.4.4/go.mod h1:YvI2FXI0gmj98nAc4HM1Hk252KEBr+3TDPT2U/0CUhc=
github.com/rakunlabs/ada/middleware/recover v0.4.4 h1:dwsI6Uxhg1Vjxa9NoRRm2shqr08SWosj1kx+R0R45s4=
github.com/rakunlabs/ada/middleware/recover v0.4.4/go.mod h1:QMxNviOx4QnM6FtvCoY0KrTOl6KGstqu+7IfdGgyv2Y=
github.com/rakunlabs/ada/middleware/requestid v0.4.4 h1:IIq80JJKwWUB4hm27bmnZJu9827HzZYiXciSjy9EU6Q=
github.com/rakunlabs/ada/middleware/requestid v0.4.4/go.mod h1:oLdUNvW9wf5ThImL6N5twG9vVx6bKYD6tEaTjDpkWlg=
github.com/rakunlabs/ada/middleware/server v0.4.4 h1:9hK0lv5oK92tMhfEPo2h5s62Asa9PwiMzLiThH4V00I=
github.com/rakunlabs/ada/middleware/server v0.4.4/go.mod h1:nAN0tmc1/sBvOywH/QIlGSNpcyGbvEhmawkHGtqcxxI=
github.com/rakunlabs/chu v0.4.7 h1:rKdiNPjAOZLMJcdAViPlqYl7VPwy+CeiEzjqFyRyx4M=
github.com/rakunlabs/chu v0.4.7/go.mod h1:qwnDf9aBSiFL6tFnLRgQLtRckW+bczPtzHa0QJ+rDfA=
github.com/rakunlabs/into v0.5.3 h1:IkKDfkrolGVZ75rRG+xVLJuTTswUqN/tXB6GoCMF3xk=
github.com/rakunlabs/into v0.5.3/go.mod h1:1fWgREm1FXNLCnfFPTPf6mCzgmi9jlqevYQbWLMnXeo=
github.com/rakunlabs/logi v0.4.5 h1:WhsAqKVRzFVu3o7hpoA0yAmiRBtesnpaSwhOtfY+ZSE=
github.com/rakunlabs/logi v0.4.5/go.mod h1:h7mqo7Yj+IJt2o5Li4uO0Bn5hLZuoKUKMS4RkkVS2/M=
github.com/rakunlabs/ok v0.1.0 h1:rzzhj3iclFMqRPN0H0Y/3cxJe7VbVviwDmbTIPEkrkk=
github.com/rakunlabs/ok v0.1.0/go.mod h1:lPj4reTAqjK/v4KH83NWNBHZu949T/TvWFoMo21n/7A=
github.com/rogpeppe/go-internal v1.9.0 h1:73kH8U+JUqXU8lRuOHeVHaa/SZPifC7BkcraZVejAe8=
github.com/rogpeppe/go-internal v1.9.0/go.mod h1:WtVeX8xhTBvf0smdhujwtBcq4Qrzq/fJaraNFVN+nFs=
github.com/spf13/cast v1.10.0 h1:h2x0u2shc1QuLHfxi+cTJvs30+ZAHOGRic8uyGTDWxY=
github.com/spf13/cast v1.10.0/go.mod h1:jNfB8QC9IA6ZuY2ZjDp0KtFO2LZZlg4S/7bzP6qqeHo=
github.com/twmb/tlscfg v1.3.0 h1:FrRQp4vCyw17ged/cvN54+Ls6mbV/u+NqHZH/II9Gkw=
github.com/twmb/tlscfg v1.3.0/go.mod h1:CoNV7wFGrzBgm3IM4QYWgnRPcOIsQaeWwGwSjv7opms=
github.com/worldline-go/struct2 v1.4.0 h1:81QtMoOyux9aVXjPeqaDPJQVb3y/akSWm0AjNjK7U2w=
github.com/worldline-go/struct2 v1.4.0/go.mod h1:WQ0q9deNrhnzWkWvrC1sIYc6SfziRsRCAwQBgS94T8E=
github.com/xhit/go-str2duration/v2 v2.1.0 h1:lxklc02Drh6ynqX+DdPyp5pCKLUQpRT8bp8Ydu2Bstc=
github.com/xhit/go-str2duration/v2 v2.1.0/go.mod h1:ohY8p+0f07DiV6Em5LKB0s2YpLtXVyJfNt1+BlmyAsU=
golang.org/x/sys v0.6.0/go.mod h1:oPkhp1MJrh7nUepCBck5+mAzfO9JrbApNNgaTdGDITg=
golang.org/x/sys v0.35.0 h1:vz1N37gP5bs89s7He8XuIYXpyY0+QlsKmzipCbUtyxI=
golang.org/x/sys v0.35.0/go.mod h1:BJP2sWEmIv4KK5OTEluFJCKSidICx8ciO85XgH3Ak8k=
